// !$*UTF8*$!
{
	archiveVersion = 1;
	classes = {
	};
	objectVersion = 46;
	objects = {

/* Begin PBXBuildFile section */
		C9BA4AAB1E82136200150BBF /* main.swift in Sources */ = {isa = PBXBuildFile; fileRef = C9BA4AAA1E82136200150BBF /* main.swift */; };
		C9BA4AB21E82145700150BBF /* CommandLine+StandardError.swift in Sources */ = {isa = PBXBuildFile; fileRef = C9BA4AB11E82145700150BBF /* CommandLine+StandardError.swift */; };
		C9BA4AB41E82163500150BBF /* Parser.swift in Sources */ = {isa = PBXBuildFile; fileRef = C9BA4AB31E82163500150BBF /* Parser.swift */; };
		C9BA4AB61E82166D00150BBF /* Lease.swift in Sources */ = {isa = PBXBuildFile; fileRef = C9BA4AB51E82166D00150BBF /* Lease.swift */; };
		C9BA4AB91E821BEC00150BBF /* sample.txt in CopyFiles */ = {isa = PBXBuildFile; fileRef = C9BA4AB81E821AAA00150BBF /* sample.txt */; };
/* End PBXBuildFile section */

/* Begin PBXCopyFilesBuildPhase section */
		C9BA4AA51E82136100150BBF /* CopyFiles */ = {
			isa = PBXCopyFilesBuildPhase;
			buildActionMask = 12;
			dstPath = data;
			dstSubfolderSpec = 16;
			files = (
				C9BA4AB91E821BEC00150BBF /* sample.txt in CopyFiles */,
			);
			runOnlyForDeploymentPostprocessing = 0;
		};
/* End PBXCopyFilesBuildPhase section */

/* Begin PBXFileReference section */
		C9BA4AA71E82136200150BBF /* pay_your_rent_swift_homework */ = {isa = PBXFileReference; explicitFileType = "compiled.mach-o.executable"; includeInIndex = 0; path = pay_your_rent_swift_homework; sourceTree = BUILT_PRODUCTS_DIR; };
		C9BA4AAA1E82136200150BBF /* main.swift */ = {isa = PBXFileReference; lastKnownFileType = sourcecode.swift; path = main.swift; sourceTree = "<group>"; };
		C9BA4AB11E82145700150BBF /* CommandLine+StandardError.swift */ = {isa = PBXFileReference; fileEncoding = 4; lastKnownFileType = sourcecode.swift; path = "CommandLine+StandardError.swift"; sourceTree = "<group>"; };
		C9BA4AB31E82163500150BBF /* Parser.swift */ = {isa = PBXFileReference; fileEncoding = 4; lastKnownFileType = sourcecode.swift; path = Parser.swift; sourceTree = "<group>"; };
		C9BA4AB51E82166D00150BBF /* Lease.swift */ = {isa = PBXFileReference; fileEncoding = 4; lastKnownFileType = sourcecode.swift; path = Lease.swift; sourceTree = "<group>"; };
		C9BA4AB81E821AAA00150BBF /* sample.txt */ = {isa = PBXFileReference; fileEncoding = 4; lastKnownFileType = text; name = sample.txt; path = data/sample.txt; sourceTree = "<group>"; };
		C9BA4ABA1E821C5400150BBF /* README.md */ = {isa = PBXFileReference; fileEncoding = 4; lastKnownFileType = net.daringfireball.markdown; path = README.md; sourceTree = "<group>"; };
/* End PBXFileReference section */

/* Begin PBXFrameworksBuildPhase section */
		C9BA4AA41E82136100150BBF /* Frameworks */ = {
			isa = PBXFrameworksBuildPhase;
			buildActionMask = 2147483647;
			files = (
			);
			runOnlyForDeploymentPostprocessing = 0;
		};
/* End PBXFrameworksBuildPhase section */

/* Begin PBXGroup section */
		C9BA4A9E1E82136100150BBF = {
			isa = PBXGroup;
			children = (
				C9BA4AA91E82136200150BBF /* pay_your_rent_swift_homework */,
				C9BA4AA81E82136200150BBF /* Products */,
			);
			sourceTree = "<group>";
		};
		C9BA4AA81E82136200150BBF /* Products */ = {
			isa = PBXGroup;
			children = (
				C9BA4AA71E82136200150BBF /* pay_your_rent_swift_homework */,
			);
			name = Products;
			sourceTree = "<group>";
		};
		C9BA4AA91E82136200150BBF /* pay_your_rent_swift_homework */ = {
			isa = PBXGroup;
			children = (
				C9BA4AB71E821A9100150BBF /* data */,
				C9BA4AAA1E82136200150BBF /* main.swift */,
				C9BA4AB11E82145700150BBF /* CommandLine+StandardError.swift */,
				C9BA4AB31E82163500150BBF /* Parser.swift */,
				C9BA4AB51E82166D00150BBF /* Lease.swift */,
				C9BA4ABA1E821C5400150BBF /* README.md */,
			);
			path = pay_your_rent_swift_homework;
			sourceTree = "<group>";
		};
		C9BA4AB71E821A9100150BBF /* data */ = {
			isa = PBXGroup;
			children = (
				C9BA4AB81E821AAA00150BBF /* sample.txt */,
			);
			name = data;
			sourceTree = "<group>";
		};
/* End PBXGroup section */

/* Begin PBXNativeTarget section */
		C9BA4AA61E82136100150BBF /* pay_your_rent_swift_homework */ = {
			isa = PBXNativeTarget;
			buildConfigurationList = C9BA4AAE1E82136200150BBF /* Build configuration list for PBXNativeTarget "pay_your_rent_swift_homework" */;
			buildPhases = (
				C9BA4AA31E82136100150BBF /* Sources */,
				C9BA4AA41E82136100150BBF /* Frameworks */,
				C9BA4AA51E82136100150BBF /* CopyFiles */,
			);
			buildRules = (
			);
			dependencies = (
			);
			name = pay_your_rent_swift_homework;
			productName = pay_your_rent_swift_homework;
			productReference = C9BA4AA71E82136200150BBF /* pay_your_rent_swift_homework */;
			productType = "com.apple.product-type.tool";
		};
/* End PBXNativeTarget section */

/* Begin PBXProject section */
		C9BA4A9F1E82136100150BBF /* Project object */ = {
			isa = PBXProject;
			attributes = {
				LastSwiftUpdateCheck = 0820;
				LastUpgradeCheck = 0820;
				ORGANIZATIONNAME = "Matthew Millsaps-Brewer";
				TargetAttributes = {
					C9BA4AA61E82136100150BBF = {
						CreatedOnToolsVersion = 8.2.1;
						DevelopmentTeam = FTNJ68A3Z9;
						ProvisioningStyle = Automatic;
					};
				};
			};
			buildConfigurationList = C9BA4AA21E82136100150BBF /* Build configuration list for PBXProject "pay_your_rent_swift_homework" */;
			compatibilityVersion = "Xcode 3.2";
			developmentRegion = English;
			hasScannedForEncodings = 0;
			knownRegions = (
				en,
			);
			mainGroup = C9BA4A9E1E82136100150BBF;
			productRefGroup = C9BA4AA81E82136200150BBF /* Products */;
			projectDirPath = "";
			projectRoot = "";
			targets = (
				C9BA4AA61E82136100150BBF /* pay_your_rent_swift_homework */,
			);
		};
/* End PBXProject section */

/* Begin PBXSourcesBuildPhase section */
		C9BA4AA31E82136100150BBF /* Sources */ = {
			isa = PBXSourcesBuildPhase;
			buildActionMask = 2147483647;
			files = (
				C9BA4AB61E82166D00150BBF /* Lease.swift in Sources */,
				C9BA4AB41E82163500150BBF /* Parser.swift in Sources */,
				C9BA4AAB1E82136200150BBF /* main.swift in Sources */,
				C9BA4AB21E82145700150BBF /* CommandLine+StandardError.swift in Sources */,
			);
			runOnlyForDeploymentPostprocessing = 0;
		};
/* End PBXSourcesBuildPhase section */

/* Begin XCBuildConfiguration section */
		C9BA4AAC1E82136200150BBF /* Debug */ = {
			isa = XCBuildConfiguration;
			buildSettings = {
				ALWAYS_SEARCH_USER_PATHS = NO;
				CLANG_ANALYZER_NONNULL = YES;
				CLANG_CXX_LANGUAGE_STANDARD = "gnu++0x";
				CLANG_CXX_LIBRARY = "libc++";
				CLANG_ENABLE_MODULES = YES;
				CLANG_ENABLE_OBJC_ARC = YES;
				CLANG_WARN_BOOL_CONVERSION = YES;
				CLANG_WARN_CONSTANT_CONVERSION = YES;
				CLANG_WARN_DIRECT_OBJC_ISA_USAGE = YES_ERROR;
				CLANG_WARN_DOCUMENTATION_COMMENTS = YES;
				CLANG_WARN_EMPTY_BODY = YES;
				CLANG_WARN_ENUM_CONVERSION = YES;
				CLANG_WARN_INFINITE_RECURSION = YES;
				CLANG_WARN_INT_CONVERSION = YES;
				CLANG_WARN_OBJC_ROOT_CLASS = YES_ERROR;
				CLANG_WARN_SUSPICIOUS_MOVE = YES;
				CLANG_WARN_UNREACHABLE_CODE = YES;
				CLANG_WARN__DUPLICATE_METHOD_MATCH = YES;
				CODE_SIGN_IDENTITY = "-";
				COPY_PHASE_STRIP = NO;
				DEBUG_INFORMATION_FORMAT = dwarf;
				ENABLE_STRICT_OBJC_MSGSEND = YES;
				ENABLE_TESTABILITY = YES;
				GCC_C_LANGUAGE_STANDARD = gnu99;
				GCC_DYNAMIC_NO_PIC = NO;
				GCC_NO_COMMON_BLOCKS = YES;
				GCC_OPTIMIZATION_LEVEL = 0;
				GCC_PREPROCESSOR_DEFINITIONS = (
					"DEBUG=1",
					"$(inherited)",
				);
				GCC_WARN_64_TO_32_BIT_CONVERSION = YES;
				GCC_WARN_ABOUT_RETURN_TYPE = YES_ERROR;
				GCC_WARN_UNDECLARED_SELECTOR = YES;
				GCC_WARN_UNINITIALIZED_AUTOS = YES_AGGRESSIVE;
				GCC_WARN_UNUSED_FUNCTION = YES;
				GCC_WARN_UNUSED_VARIABLE = YES;
				MACOSX_DEPLOYMENT_TARGET = 10.12;
				MTL_ENABLE_DEBUG_INFO = YES;
				ONLY_ACTIVE_ARCH = YES;
				SDKROOT = macosx;
				SWIFT_OPTIMIZATION_LEVEL = "-Onone";
			};
			name = Debug;
		};
		C9BA4AAD1E82136200150BBF /* Release */ = {
			isa = XCBuildConfiguration;
			buildSettings = {
				ALWAYS_SEARCH_USER_PATHS = NO;
				CLANG_ANALYZER_NONNULL = YES;
				CLANG_CXX_LANGUAGE_STANDARD = "gnu++0x";
				CLANG_CXX_LIBRARY = "libc++";
				CLANG_ENABLE_MODULES = YES;
				CLANG_ENABLE_OBJC_ARC = YES;
				CLANG_WARN_BOOL_CONVERSION = YES;
				CLANG_WARN_CONSTANT_CONVERSION = YES;
				CLANG_WARN_DIRECT_OBJC_ISA_USAGE = YES_ERROR;
				CLANG_WARN_DOCUMENTATION_COMMENTS = YES;
				CLANG_WARN_EMPTY_BODY = YES;
				CLANG_WARN_ENUM_CONVERSION = YES;
				CLANG_WARN_INFINITE_RECURSION = YES;
				CLANG_WARN_INT_CONVERSION = YES;
				CLANG_WARN_OBJC_ROOT_CLASS = YES_ERROR;
				CLANG_WARN_SUSPICIOUS_MOVE = YES;
				CLANG_WARN_UNREACHABLE_CODE = YES;
				CLANG_WARN__DUPLICATE_METHOD_MATCH = YES;
				CODE_SIGN_IDENTITY = "-";
				COPY_PHASE_STRIP = NO;
				DEBUG_INFORMATION_FORMAT = "dwarf-with-dsym";
				ENABLE_NS_ASSERTIONS = NO;
				ENABLE_STRICT_OBJC_MSGSEND = YES;
				GCC_C_LANGUAGE_STANDARD = gnu99;
				GCC_NO_COMMON_BLOCKS = YES;
				GCC_WARN_64_TO_32_BIT_CONVERSION = YES;
				GCC_WARN_ABOUT_RETURN_TYPE = YES_ERROR;
				GCC_WARN_UNDECLARED_SELECTOR = YES;
				GCC_WARN_UNINITIALIZED_AUTOS = YES_AGGRESSIVE;
				GCC_WARN_UNUSED_FUNCTION = YES;
				GCC_WARN_UNUSED_VARIABLE = YES;
				MACOSX_DEPLOYMENT_TARGET = 10.12;
				MTL_ENABLE_DEBUG_INFO = NO;
				SDKROOT = macosx;
			};
			name = Release;
		};
		C9BA4AAF1E82136200150BBF /* Debug */ = {
			isa = XCBuildConfiguration;
			buildSettings = {
				DEVELOPMENT_TEAM = FTNJ68A3Z9;
				PRODUCT_NAME = "$(TARGET_NAME)";
				SWIFT_VERSION = 3.0;
			};
			name = Debug;
		};
		C9BA4AB01E82136200150BBF /* Release */ = {
			isa = XCBuildConfiguration;
			buildSettings = {
				DEVELOPMENT_TEAM = FTNJ68A3Z9;
				PRODUCT_NAME = "$(TARGET_NAME)";
				SWIFT_VERSION = 3.0;
			};
			name = Release;
		};
/* End XCBuildConfiguration section */

/* Begin XCConfigurationList section */
		C9BA4AA21E82136100150BBF /* Build configuration list for PBXProject "pay_your_rent_swift_homework" */ = {
			isa = XCConfigurationList;
			buildConfigurations = (
				C9BA4AAC1E82136200150BBF /* Debug */,
				C9BA4AAD1E82136200150BBF /* Release */,
			);
			defaultConfigurationIsVisible = 0;
			defaultConfigurationName = Release;
		};
		C9BA4AAE1E82136200150BBF /* Build configuration list for PBXNativeTarget "pay_your_rent_swift_homework" */ = {
			isa = XCConfigurationList;
			buildConfigurations = (
				C9BA4AAF1E82136200150BBF /* Debug */,
				C9BA4AB01E82136200150BBF /* Release */,
			);
			defaultConfigurationIsVisible = 0;
		};
/* End XCConfigurationList section */
	};
	rootObject = C9BA4A9F1E82136100150BBF /* Project object */;
}
